{
  "name": "rails_dingtalk",
  "version": "1.0.0",
  "lockfileVersion": 3,
  "requires": true,
  "packages": {
    "": {
      "name": "rails_dingtalk",
      "version": "1.0.0",
      "license": "MIT",
      "dependencies": {
        "dingtalk-jsapi": "^2.13.51"
      }
    },
    "node_modules/dingtalk-jsapi": {
      "version": "2.13.51",
      "license": "MIT",
      "dependencies": {
        "promise-polyfill": "^7.1.0"
      }
    },
    "node_modules/promise-polyfill": {
      "version": "7.1.2",
      "license": "MIT"
    }
  }
}
