# THIS IS AN AUTOGENERATED FILE. DO NOT EDIT THIS FILE DIRECTLY.
# yarn lockfile v1


dingtalk-jsapi@^2.13.51:
  version "2.13.51"
  resolved "https://registry.yarnpkg.com/dingtalk-jsapi/-/dingtalk-jsapi-2.13.51.tgz#8fdbd747899c1e03de5c1705ca7f1093de19e6e2"
  integrity sha512-gm/9eLdNCUVZzOt0vLKJ2l2QoQK7CBNrYP7b86EMy9NKO6xg4QI7aYAObtde9+u6OTroF9dTsax6ngvx2fA5Gw==
  dependencies:
    promise-polyfill "^7.1.0"

promise-polyfill@^7.1.0:
  version "7.1.2"
  resolved "https://registry.yarnpkg.com/promise-polyfill/-/promise-polyfill-7.1.2.tgz#ab05301d8c28536301622d69227632269a70ca3b"
  integrity sha512-FuEc12/eKqqoRYIGBrUptCBRhobL19PS2U31vMNTfyck1FxPyMfgsXyW4Mav85y/ZN1hop3hOwRlUDok23oYfQ==
